<Solution>
  <Folder Name="/Documentation/" />
  <Folder Name="/Solution Item/">
    <File Path=".gitignore" />
    <File Path="Directory.Build.props" />
    <File Path="global.json" />
    <File Path="LICENSE" />
    <File Path="README.md" />
  </Folder>
  <Folder Name="/Solution Item/.github/" />
  <Folder Name="/Solution Item/.github/workflows/">
    <File Path=".github\workflows\ci.yml" />
  </Folder>
  <Folder Name="/Source/">
    <Project Path="Source/KUKULCAN.SharedKernel.Example.Web/KUKULCAN.SharedKernel.Example.Web.csproj" />
  </Folder>
  <Folder Name="/Tests/">
    <File Path="Tests\README.md" />
  </Folder>
</Solution>
