<Solution>
  <Folder Name="/Documentation/">
    <File Path="Documentation\ECOSYSTEM-INTEGRATION.md" />
    <File Path="Documentation\README.md" />
  </Folder>
  <Folder Name="/Solution Item/">
    <File Path=".gitignore" />
    <File Path="Directory.Build.props" />
    <File Path="global.json" />
    <File Path="LICENSE" />
    <File Path="README.md" />
  </Folder>
  <Folder Name="/Solution Item/.github/" />
  <Folder Name="/Solution Item/.github/workflows/">
    <File Path=".github\workflows\ci.yml" />
    <File Path=".github\workflows\client.yml" />
    <File Path=".github\workflows\coverage.yml" />
    <File Path=".github\workflows\delete-merged-branches.yml" />
  </Folder>
  <Folder Name="/Source/">
    <Project Path="Source/KUKULCAN.SharedKernel.Example.Web/KUKULCAN.SharedKernel.Example.Web.csproj" />
  </Folder>
  <Folder Name="/Tests/">
    <File Path="Tests\README.md" />
    <Project Path="Tests/KUKULCAN.SharedKernel.Example.Web.IntegrationTests/KUKULCAN.SharedKernel.Example.Web.IntegrationTests.csproj" />
  </Folder>
</Solution>
